
Microsoft Visual Studio Solution File, Format Version 12.00
# Visual Studio Version 17
VisualStudioVersion = 17.6.33815.320
MinimumVisualStudioVersion = 10.0.40219.1
Project("{2150E333-8FDC-42A3-9474-1A3956D46DE8}") = "src", "src", "{39C5E58D-5668-4C2C-B9CE-2452DC419C35}"
EndProject
Project("{FAE04EC0-301F-11D3-BF4B-00C04F79EFBC}") = "Hubtel.eCommerce.Cart.Core", "src\Hubtel.eCommerce.Cart.Core\Hubtel.eCommerce.Cart.Core.csproj", "{E9E12AFC-B419-4A1D-94E1-852C072AAC4B}"
EndProject
Project("{FAE04EC0-301F-11D3-BF4B-00C04F79EFBC}") = "Hubtel.eCommerce.Cart.Infrastructure", "src\Hubtel.eCommerce.Cart.Infrastructure\Hubtel.eCommerce.Cart.Infrastructure.csproj", "{9CF8716D-67C8-4DA6-8036-9CEBF93A9F38}"
EndProject
Project("{FAE04EC0-301F-11D3-BF4B-00C04F79EFBC}") = "Hubtel.eCommerce.Cart.Infrastructure.Data", "src\Hubtel.eCommerce.Cart.Infrastructure.Data\Hubtel.eCommerce.Cart.Infrastructure.Data.csproj", "{728CC826-C8BF-4602-9B60-48E9FC08616C}"
EndProject
Project("{FAE04EC0-301F-11D3-BF4B-00C04F79EFBC}") = "Hubtel.eCommerce.Cart.Api", "src\Hubtel.eCommerce.Cart.Api\Hubtel.eCommerce.Cart.Api.csproj", "{421B5647-FE73-4C9A-AB12-535CC67EA26E}"
EndProject
Global
	GlobalSection(SolutionConfigurationPlatforms) = preSolution
		Debug|Any CPU = Debug|Any CPU
		Release|Any CPU = Release|Any CPU
	EndGlobalSection
	GlobalSection(ProjectConfigurationPlatforms) = postSolution
		{E9E12AFC-B419-4A1D-94E1-852C072AAC4B}.Debug|Any CPU.ActiveCfg = Debug|Any CPU
		{E9E12AFC-B419-4A1D-94E1-852C072AAC4B}.Debug|Any CPU.Build.0 = Debug|Any CPU
		{E9E12AFC-B419-4A1D-94E1-852C072AAC4B}.Release|Any CPU.ActiveCfg = Release|Any CPU
		{E9E12AFC-B419-4A1D-94E1-852C072AAC4B}.Release|Any CPU.Build.0 = Release|Any CPU
		{9CF8716D-67C8-4DA6-8036-9CEBF93A9F38}.Debug|Any CPU.ActiveCfg = Debug|Any CPU
		{9CF8716D-67C8-4DA6-8036-9CEBF93A9F38}.Debug|Any CPU.Build.0 = Debug|Any CPU
		{9CF8716D-67C8-4DA6-8036-9CEBF93A9F38}.Release|Any CPU.ActiveCfg = Release|Any CPU
		{9CF8716D-67C8-4DA6-8036-9CEBF93A9F38}.Release|Any CPU.Build.0 = Release|Any CPU
		{728CC826-C8BF-4602-9B60-48E9FC08616C}.Debug|Any CPU.ActiveCfg = Debug|Any CPU
		{728CC826-C8BF-4602-9B60-48E9FC08616C}.Debug|Any CPU.Build.0 = Debug|Any CPU
		{728CC826-C8BF-4602-9B60-48E9FC08616C}.Release|Any CPU.ActiveCfg = Release|Any CPU
		{728CC826-C8BF-4602-9B60-48E9FC08616C}.Release|Any CPU.Build.0 = Release|Any CPU
		{421B5647-FE73-4C9A-AB12-535CC67EA26E}.Debug|Any CPU.ActiveCfg = Debug|Any CPU
		{421B5647-FE73-4C9A-AB12-535CC67EA26E}.Debug|Any CPU.Build.0 = Debug|Any CPU
		{421B5647-FE73-4C9A-AB12-535CC67EA26E}.Release|Any CPU.ActiveCfg = Release|Any CPU
		{421B5647-FE73-4C9A-AB12-535CC67EA26E}.Release|Any CPU.Build.0 = Release|Any CPU
	EndGlobalSection
	GlobalSection(SolutionProperties) = preSolution
		HideSolutionNode = FALSE
	EndGlobalSection
	GlobalSection(NestedProjects) = preSolution
		{E9E12AFC-B419-4A1D-94E1-852C072AAC4B} = {39C5E58D-5668-4C2C-B9CE-2452DC419C35}
		{9CF8716D-67C8-4DA6-8036-9CEBF93A9F38} = {39C5E58D-5668-4C2C-B9CE-2452DC419C35}
		{728CC826-C8BF-4602-9B60-48E9FC08616C} = {39C5E58D-5668-4C2C-B9CE-2452DC419C35}
		{421B5647-FE73-4C9A-AB12-535CC67EA26E} = {39C5E58D-5668-4C2C-B9CE-2452DC419C35}
	EndGlobalSection
	GlobalSection(ExtensibilityGlobals) = postSolution
		SolutionGuid = {1BEA81F4-92A3-406D-B883-49252FCEEC16}
	EndGlobalSection
EndGlobal
